
Microsoft Visual Studio Solution File, Format Version 12.00
# Visual Studio Version 17
VisualStudioVersion = 17.3.32825.248
MinimumVisualStudioVersion = 10.0.40219.1
Project("{FAE04EC0-301F-11D3-BF4B-00C04F79EFBC}") = "HelloMvc", "HelloMvc\HelloMvc.csproj", "{51137D0A-1381-4F11-8E4C-2CA515434210}"
EndProject
Global
	GlobalSection(SolutionConfigurationPlatforms) = preSolution
		Debug|Any CPU = Debug|Any CPU
		Release|Any CPU = Release|Any CPU
	EndGlobalSection
	GlobalSection(ProjectConfigurationPlatforms) = postSolution
		{51137D0A-1381-4F11-8E4C-2CA515434210}.Debug|Any CPU.ActiveCfg = Debug|Any CPU
		{51137D0A-1381-4F11-8E4C-2CA515434210}.Debug|Any CPU.Build.0 = Debug|Any CPU
		{51137D0A-1381-4F11-8E4C-2CA515434210}.Release|Any CPU.ActiveCfg = Release|Any CPU
		{51137D0A-1381-4F11-8E4C-2CA515434210}.Release|Any CPU.Build.0 = Release|Any CPU
	EndGlobalSection
	GlobalSection(SolutionProperties) = preSolution
		HideSolutionNode = FALSE
	EndGlobalSection
	GlobalSection(ExtensibilityGlobals) = postSolution
		SolutionGuid = {3EF2F2FC-FC07-4FB8-B263-04917DD5ED11}
	EndGlobalSection
EndGlobal
